
Microsoft Visual Studio Solution File, Format Version 12.00
# Visual Studio Version 17
VisualStudioVersion = 17.10.35013.160
MinimumVisualStudioVersion = 10.0.40219.1
Project("{FAE04EC0-301F-11D3-BF4B-00C04F79EFBC}") = "abecedario", "abecedario\abecedario.csproj", "{08104A10-0083-4749-9D45-CB2D0B384355}"
EndProject
Global
	GlobalSection(SolutionConfigurationPlatforms) = preSolution
		Debug|Any CPU = Debug|Any CPU
		Release|Any CPU = Release|Any CPU
	EndGlobalSection
	GlobalSection(ProjectConfigurationPlatforms) = postSolution
		{08104A10-0083-4749-9D45-CB2D0B384355}.Debug|Any CPU.ActiveCfg = Debug|Any CPU
		{08104A10-0083-4749-9D45-CB2D0B384355}.Debug|Any CPU.Build.0 = Debug|Any CPU
		{08104A10-0083-4749-9D45-CB2D0B384355}.Release|Any CPU.ActiveCfg = Release|Any CPU
		{08104A10-0083-4749-9D45-CB2D0B384355}.Release|Any CPU.Build.0 = Release|Any CPU
	EndGlobalSection
	GlobalSection(SolutionProperties) = preSolution
		HideSolutionNode = FALSE
	EndGlobalSection
	GlobalSection(ExtensibilityGlobals) = postSolution
		SolutionGuid = {DC32C1EE-2854-4011-9F13-436D376008B9}
	EndGlobalSection
EndGlobal
