
Microsoft Visual Studio Solution File, Format Version 12.00
# Visual Studio Version 17
VisualStudioVersion = 17.10.35013.160
MinimumVisualStudioVersion = 10.0.40219.1
Project("{FAE04EC0-301F-11D3-BF4B-00C04F79EFBC}") = "strings", "strings\strings.csproj", "{91772E53-0814-49D6-8342-4EC2AA4534E4}"
EndProject
Global
	GlobalSection(SolutionConfigurationPlatforms) = preSolution
		Debug|Any CPU = Debug|Any CPU
		Release|Any CPU = Release|Any CPU
	EndGlobalSection
	GlobalSection(ProjectConfigurationPlatforms) = postSolution
		{91772E53-0814-49D6-8342-4EC2AA4534E4}.Debug|Any CPU.ActiveCfg = Debug|Any CPU
		{91772E53-0814-49D6-8342-4EC2AA4534E4}.Debug|Any CPU.Build.0 = Debug|Any CPU
		{91772E53-0814-49D6-8342-4EC2AA4534E4}.Release|Any CPU.ActiveCfg = Release|Any CPU
		{91772E53-0814-49D6-8342-4EC2AA4534E4}.Release|Any CPU.Build.0 = Release|Any CPU
	EndGlobalSection
	GlobalSection(SolutionProperties) = preSolution
		HideSolutionNode = FALSE
	EndGlobalSection
	GlobalSection(ExtensibilityGlobals) = postSolution
		SolutionGuid = {B5FB7630-2267-4B87-B5AB-6B29FE19E15B}
	EndGlobalSection
EndGlobal
